
Microsoft Visual Studio Solution File, Format Version 12.00
# Visual Studio Version 17
VisualStudioVersion = 17.4.33213.308
MinimumVisualStudioVersion = 10.0.40219.1
Project("{FAE04EC0-301F-11D3-BF4B-00C04F79EFBC}") = "MagicVilla_VillaAPI", "MagicVilla_VillaAPI\MagicVilla_VillaAPI.csproj", "{DD3938A3-235F-406C-A35B-A77882EAAEBA}"
EndProject
Global
	GlobalSection(SolutionConfigurationPlatforms) = preSolution
		Debug|Any CPU = Debug|Any CPU
		Release|Any CPU = Release|Any CPU
	EndGlobalSection
	GlobalSection(ProjectConfigurationPlatforms) = postSolution
		{DD3938A3-235F-406C-A35B-A77882EAAEBA}.Debug|Any CPU.ActiveCfg = Debug|Any CPU
		{DD3938A3-235F-406C-A35B-A77882EAAEBA}.Debug|Any CPU.Build.0 = Debug|Any CPU
		{DD3938A3-235F-406C-A35B-A77882EAAEBA}.Release|Any CPU.ActiveCfg = Release|Any CPU
		{DD3938A3-235F-406C-A35B-A77882EAAEBA}.Release|Any CPU.Build.0 = Release|Any CPU
	EndGlobalSection
	GlobalSection(SolutionProperties) = preSolution
		HideSolutionNode = FALSE
	EndGlobalSection
	GlobalSection(ExtensibilityGlobals) = postSolution
		SolutionGuid = {BE8ACDBB-EF12-4271-A78D-5139B1A666E2}
	EndGlobalSection
EndGlobal
